
Microsoft Visual Studio Solution File, Format Version 12.00
# Visual Studio Version 16
VisualStudioVersion = 16.0.31321.278
MinimumVisualStudioVersion = 10.0.40219.1
Project("{9A19103F-16F7-4668-BE54-9A1E7A4F7556}") = "BlazorWasmPlanner", "BlazorWasmPlanner\BlazorWasmPlanner.csproj", "{0B528C30-6757-4CEC-83EF-8DDBA7341483}"
EndProject
Project("{9A19103F-16F7-4668-BE54-9A1E7A4F7556}") = "BlazorWasmPlanner.Shared", "BlazorWasmPlanner.Shared\BlazorWasmPlanner.Shared.csproj", "{53AC4E92-156F-4907-B924-767B939A7B31}"
EndProject
Global
	GlobalSection(SolutionConfigurationPlatforms) = preSolution
		Debug|Any CPU = Debug|Any CPU
		Release|Any CPU = Release|Any CPU
	EndGlobalSection
	GlobalSection(ProjectConfigurationPlatforms) = postSolution
		{0B528C30-6757-4CEC-83EF-8DDBA7341483}.Debug|Any CPU.ActiveCfg = Debug|Any CPU
		{0B528C30-6757-4CEC-83EF-8DDBA7341483}.Debug|Any CPU.Build.0 = Debug|Any CPU
		{0B528C30-6757-4CEC-83EF-8DDBA7341483}.Release|Any CPU.ActiveCfg = Release|Any CPU
		{0B528C30-6757-4CEC-83EF-8DDBA7341483}.Release|Any CPU.Build.0 = Release|Any CPU
		{53AC4E92-156F-4907-B924-767B939A7B31}.Debug|Any CPU.ActiveCfg = Debug|Any CPU
		{53AC4E92-156F-4907-B924-767B939A7B31}.Debug|Any CPU.Build.0 = Debug|Any CPU
		{53AC4E92-156F-4907-B924-767B939A7B31}.Release|Any CPU.ActiveCfg = Release|Any CPU
		{53AC4E92-156F-4907-B924-767B939A7B31}.Release|Any CPU.Build.0 = Release|Any CPU
	EndGlobalSection
	GlobalSection(SolutionProperties) = preSolution
		HideSolutionNode = FALSE
	EndGlobalSection
	GlobalSection(ExtensibilityGlobals) = postSolution
		SolutionGuid = {2CC0329F-BBA4-41BC-A79A-0A5F6361DCBE}
	EndGlobalSection
EndGlobal
